
Microsoft Visual Studio Solution File, Format Version 12.00
# Visual Studio Version 17
VisualStudioVersion = 17.9.34728.123
MinimumVisualStudioVersion = 10.0.40219.1
Project("{8BC9CEB8-8B4A-11D0-8D11-00A0C91BC942}") = "zadaniye2", "zadaniye2.vcxproj", "{B1AD4B75-6C03-4983-9832-815231DBF296}"
EndProject
Global
	GlobalSection(SolutionConfigurationPlatforms) = preSolution
		Debug|x64 = Debug|x64
		Debug|x86 = Debug|x86
		Release|x64 = Release|x64
		Release|x86 = Release|x86
	EndGlobalSection
	GlobalSection(ProjectConfigurationPlatforms) = postSolution
		{B1AD4B75-6C03-4983-9832-815231DBF296}.Debug|x64.ActiveCfg = Debug|x64
		{B1AD4B75-6C03-4983-9832-815231DBF296}.Debug|x64.Build.0 = Debug|x64
		{B1AD4B75-6C03-4983-9832-815231DBF296}.Debug|x86.ActiveCfg = Debug|Win32
		{B1AD4B75-6C03-4983-9832-815231DBF296}.Debug|x86.Build.0 = Debug|Win32
		{B1AD4B75-6C03-4983-9832-815231DBF296}.Release|x64.ActiveCfg = Release|x64
		{B1AD4B75-6C03-4983-9832-815231DBF296}.Release|x64.Build.0 = Release|x64
		{B1AD4B75-6C03-4983-9832-815231DBF296}.Release|x86.ActiveCfg = Release|Win32
		{B1AD4B75-6C03-4983-9832-815231DBF296}.Release|x86.Build.0 = Release|Win32
	EndGlobalSection
	GlobalSection(SolutionProperties) = preSolution
		HideSolutionNode = FALSE
	EndGlobalSection
	GlobalSection(ExtensibilityGlobals) = postSolution
		SolutionGuid = {428D6E43-F2D1-4357-822F-4FA9E04404A2}
	EndGlobalSection
EndGlobal
